// !$*UTF8*$!
{
	archiveVersion = 1;
	classes = {
	};
	objectVersion = 46;
	objects = {

		6517CC8EF2AFDC40DA9F4DB6 = {isa = PBXBuildFile; fileRef = 76BD7179BC6B6C112F2603A2; };
		B80067A000C2DBDCB7C61ECF = {isa = PBXBuildFile; fileRef = 419FDE154D3937539FF760A5; };
		8D33D7BCB5A97E5B95A1112D = {isa = PBXBuildFile; fileRef = 5AF27052369832C259413C98; };
		FA0C29098784AB7ACE408232 = {isa = PBXBuildFile; fileRef = 342492D8E5CE4F6D55BA7DDD; };
		7485ED70603D7CCFB43C6E8A = {isa = PBXBuildFile; fileRef = 274CBB9BE81456FBBD7875A7; };
		04AA8748E066A1677866253A = {isa = PBXBuildFile; fileRef = 3023573D1BD8FD2785A934D3; };
		E8EA248EE4F3488BF9855FF6 = {isa = PBXBuildFile; fileRef = 139E317FD113AE1C708FB15D; };
		BD461039E0381C6F4D7F9B68 = {isa = PBXBuildFile; fileRef = 2B6BF7EC2C33EA8D344492A4; };
		29ECAA19301DC2514987EF2A = {isa = PBXBuildFile; fileRef = 1F9C90DE8E44F55614768C4A; };
		170210F469452B13B3805DCD = {isa = PBXBuildFile; fileRef = 7803234C5DD7C79FEC0E3409; };
		3EECF42DAEEDDF5009E0C6BD = {isa = PBXBuildFile; fileRef = ED98C651C2F810F279A5DCCE; };
		3F6C733276BE84CCEB41763A = {isa = PBXBuildFile; fileRef = A1FEACA267CE198EAC37C717; };
		84DE0EDA744BCDB05C084294 = {isa = PBXBuildFile; fileRef = 64F173789CDF795E0AE96A12; };
		CFD807F6E100E707D9C82255 = {isa = PBXBuildFile; fileRef = C5D319B9B1D08A3DBEA33674; };
		6A9C5A765D7AFB8F3614CA2B = {isa = PBXBuildFile; fileRef = 0672085F9E9085D1E2EA8823; };
		1E49F296E3EDBBB395EBD272 = {isa = PBXBuildFile; fileRef = 15CEA8DEC8B0EBAC5B7F4496; };
		656991660C2588F17CDF9929 = {isa = PBXBuildFile; fileRef = AFDC625424EF8A5172187EB7; };
		142BC4B215F5DEB53811501C = {isa = PBXBuildFile; fileRef = 022C8F43D71FD2A434762E6C; };
		FE0A89AD21B64E6594C8C3A8 = {isa = PBXBuildFile; fileRef = D0C7E0E6FDF6081C838A21B6; };
		DEEA6B6DEF84345B8DC818E6 = {isa = PBXBuildFile; fileRef = C2F2D1FBFE486CDDB16C6990; };
		8FCA1563C64B0BE349E170CB = {isa = PBXBuildFile; fileRef = CB40FF4BF450D7164258FB2D; };
		EDCBD7BCB7FE46E0B94C015C = {isa = PBXBuildFile; fileRef = D6BFC55D5C7F5EBDFDCD965F; };
		8BA04C5A256EE06E386E54E4 = {isa = PBXBuildFile; fileRef = 8FF99C890CB0D240FFE32A33; };
		FA35C0A5DA3F223477D9F144 = {isa = PBXBuildFile; fileRef = 61504520060B65A2F477F9A8; };
		905DFF01BDCB00DCCA67E016 = {isa = PBXBuildFile; fileRef = E551A2D653500AAFFF39C2CD; };
		21050BEBC99F5745D7D5B5DE = {isa = PBXBuildFile; fileRef = 387DD9188720CCC7746D19EC; };
		F0ACD8D6DF3D1828028D276A = {isa = PBXBuildFile; fileRef = 1F8E7541979E11328F3C1061; };
		21855D5A2ED9EF3A38BF4215 = {isa = PBXBuildFile; fileRef = 7487B301051EE994557881B0; };
		7E7096C2A51C42C5391BE7F0 = {isa = PBXBuildFile; fileRef = A904DD896E87D2FDC1B5DE4F; };
		022C8F43D71FD2A434762E6C = {isa = PBXFileReference; lastKnownFileType = sourcecode.cpp.objcpp; name = "include_juce_audio_devices.mm"; path = "../../JuceLibraryCode/include_juce_audio_devices.mm"; sourceTree = "SOURCE_ROOT"; };
		0672085F9E9085D1E2EA8823 = {isa = PBXFileReference; lastKnownFileType = file.nib; name = RecentFilesMenuTemplate.nib; path = RecentFilesMenuTemplate.nib; sourceTree = "SOURCE_ROOT"; };
		139E317FD113AE1C708FB15D = {isa = PBXFileReference; lastKnownFileType = wrapper.framework; name = Cocoa.framework; path = System/Library/Frameworks/Cocoa.framework; sourceTree = SDKROOT; };
		15CEA8DEC8B0EBAC5B7F4496 = {isa = PBXFileReference; lastKnownFileType = sourcecode.cpp.cpp; name = Main.cpp; path = ../../Source/Main.cpp; sourceTree = "SOURCE_ROOT"; };
		1F8E7541979E11328F3C1061 = {isa = PBXFileReference; lastKnownFileType = sourcecode.cpp.objcpp; name = "include_juce_gui_extra.mm"; path = "../../JuceLibraryCode/include_juce_gui_extra.mm"; sourceTree = "SOURCE_ROOT"; };
		1F9C90DE8E44F55614768C4A = {isa = PBXFileReference; lastKnownFileType = wrapper.framework; name = CoreMedia.framework; path = System/Library/Frameworks/CoreMedia.framework; sourceTree = SDKROOT; };
		20810987A65845510F1805B9 = {isa = PBXFileReference; lastKnownFileType = sourcecode.c.h; name = JuceHeader.h; path = ../../JuceLibraryCode/JuceHeader.h; sourceTree = "SOURCE_ROOT"; };
		274CBB9BE81456FBBD7875A7 = {isa = PBXFileReference; lastKnownFileType = wrapper.framework; name = AVKit.framework; path = System/Library/Frameworks/AVKit.framework; sourceTree = SDKROOT; };
		2B6BF7EC2C33EA8D344492A4 = {isa = PBXFileReference; lastKnownFileType = wrapper.framework; name = CoreAudio.framework; path = System/Library/Frameworks/CoreAudio.framework; sourceTree = SDKROOT; };
		3023573D1BD8FD2785A934D3 = {isa = PBXFileReference; lastKnownFileType = wrapper.framework; name = Carbon.framework; path = System/Library/Frameworks/Carbon.framework; sourceTree = SDKROOT; };
		342492D8E5CE4F6D55BA7DDD = {isa = PBXFileReference; lastKnownFileType = wrapper.framework; name = AVFoundation.framework; path = System/Library/Frameworks/AVFoundation.framework; sourceTree = SDKROOT; };
		387DD9188720CCC7746D19EC = {isa = PBXFileReference; lastKnownFileType = sourcecode.cpp.objcpp; name = "include_juce_gui_basics.mm"; path = "../../JuceLibraryCode/include_juce_gui_basics.mm"; sourceTree = "SOURCE_ROOT"; };
		419FDE154D3937539FF760A5 = {isa = PBXFileReference; lastKnownFileType = wrapper.framework; name = Accelerate.framework; path = System/Library/Frameworks/Accelerate.framework; sourceTree = SDKROOT; };
		5466B3650D00BBA26DA009B7 = {isa = PBXFileReference; lastKnownFileType = file; name = "juce_audio_formats"; path = "../../../../../../../Applications/JUCE/modules/juce_audio_formats"; sourceTree = "SOURCE_ROOT"; };
		5AF27052369832C259413C98 = {isa = PBXFileReference; lastKnownFileType = wrapper.framework; name = AudioToolbox.framework; path = System/Library/Frameworks/AudioToolbox.framework; sourceTree = SDKROOT; };
		61504520060B65A2F477F9A8 = {isa = PBXFileReference; lastKnownFileType = sourcecode.cpp.objcpp; name = "include_juce_events.mm"; path = "../../JuceLibraryCode/include_juce_events.mm"; sourceTree = "SOURCE_ROOT"; };
		64F173789CDF795E0AE96A12 = {isa = PBXFileReference; lastKnownFileType = wrapper.framework; name = QuartzCore.framework; path = System/Library/Frameworks/QuartzCore.framework; sourceTree = SDKROOT; };
		6CAB5D013B80331F95E769BB = {isa = PBXFileReference; lastKnownFileType = file; name = "juce_events"; path = "../../../../../../../Applications/JUCE/modules/juce_events"; sourceTree = "SOURCE_ROOT"; };
		7487B301051EE994557881B0 = {isa = PBXFileReference; lastKnownFileType = sourcecode.cpp.objcpp; name = "include_juce_opengl.mm"; path = "../../JuceLibraryCode/include_juce_opengl.mm"; sourceTree = "SOURCE_ROOT"; };
		76BD7179BC6B6C112F2603A2 = {isa = PBXFileReference; explicitFileType = "compiled.mach-o.executable"; includeInIndex = 0; path = NewProject; sourceTree = "BUILT_PRODUCTS_DIR"; };
		772ADCDE4AA63232B0FF6EC6 = {isa = PBXFileReference; lastKnownFileType = file; name = "juce_cryptography"; path = "../../../../../../../Applications/JUCE/modules/juce_cryptography"; sourceTree = "SOURCE_ROOT"; };
		7803234C5DD7C79FEC0E3409 = {isa = PBXFileReference; lastKnownFileType = wrapper.framework; name = CoreMIDI.framework; path = System/Library/Frameworks/CoreMIDI.framework; sourceTree = SDKROOT; };
		7B22BD8B728C065B77C6900F = {isa = PBXFileReference; lastKnownFileType = file; name = "juce_core"; path = "../../../../../../../Applications/JUCE/modules/juce_core"; sourceTree = "SOURCE_ROOT"; };
		88DE1F8750E4FB4004FAAB7F = {isa = PBXFileReference; lastKnownFileType = file; name = "juce_audio_devices"; path = "../../../../../../../Applications/JUCE/modules/juce_audio_devices"; sourceTree = "SOURCE_ROOT"; };
		8FF99C890CB0D240FFE32A33 = {isa = PBXFileReference; lastKnownFileType = sourcecode.cpp.objcpp; name = "include_juce_data_structures.mm"; path = "../../JuceLibraryCode/include_juce_data_structures.mm"; sourceTree = "SOURCE_ROOT"; };
		990DF43BCF5285CD2189C1CA = {isa = PBXFileReference; lastKnownFileType = file; name = "juce_data_structures"; path = "../../../../../../../Applications/JUCE/modules/juce_data_structures"; sourceTree = "SOURCE_ROOT"; };
		A196BE3834852B43424F24F6 = {isa = PBXFileReference; lastKnownFileType = file; name = "juce_gui_basics"; path = "../../../../../../../Applications/JUCE/modules/juce_gui_basics"; sourceTree = "SOURCE_ROOT"; };
		A1FEACA267CE198EAC37C717 = {isa = PBXFileReference; lastKnownFileType = wrapper.framework; name = OpenGL.framework; path = System/Library/Frameworks/OpenGL.framework; sourceTree = SDKROOT; };
		A904DD896E87D2FDC1B5DE4F = {isa = PBXFileReference; lastKnownFileType = sourcecode.cpp.objcpp; name = "include_juce_video.mm"; path = "../../JuceLibraryCode/include_juce_video.mm"; sourceTree = "SOURCE_ROOT"; };
		AFDC625424EF8A5172187EB7 = {isa = PBXFileReference; lastKnownFileType = sourcecode.cpp.objcpp; name = "include_juce_audio_basics.mm"; path = "../../JuceLibraryCode/include_juce_audio_basics.mm"; sourceTree = "SOURCE_ROOT"; };
		BCC71F8C64EDD4BE14EAC076 = {isa = PBXFileReference; lastKnownFileType = sourcecode.c.h; name = AppConfig.h; path = ../../JuceLibraryCode/AppConfig.h; sourceTree = "SOURCE_ROOT"; };
		BE695CE6BA7DF128523FDEEC = {isa = PBXFileReference; lastKnownFileType = file; name = "juce_audio_processors"; path = "../../../../../../../Applications/JUCE/modules/juce_audio_processors"; sourceTree = "SOURCE_ROOT"; };
		C2F2D1FBFE486CDDB16C6990 = {isa = PBXFileReference; lastKnownFileType = sourcecode.cpp.objcpp; name = "include_juce_audio_processors.mm"; path = "../../JuceLibraryCode/include_juce_audio_processors.mm"; sourceTree = "SOURCE_ROOT"; };
		C4A16993736D3BDF42B0C856 = {isa = PBXFileReference; lastKnownFileType = file; name = "juce_opengl"; path = "../../../../../../../Applications/JUCE/modules/juce_opengl"; sourceTree = "SOURCE_ROOT"; };
		C56A0DF7472A66A13F79B74C = {isa = PBXFileReference; lastKnownFileType = file; name = "juce_audio_basics"; path = "../../../../../../../Applications/JUCE/modules/juce_audio_basics"; sourceTree = "SOURCE_ROOT"; };
		C5D319B9B1D08A3DBEA33674 = {isa = PBXFileReference; lastKnownFileType = wrapper.framework; name = WebKit.framework; path = System/Library/Frameworks/WebKit.framework; sourceTree = SDKROOT; };
		C8B89842F8D317060C5E1A81 = {isa = PBXFileReference; lastKnownFileType = file; name = "juce_video"; path = "../../../../../../../Applications/JUCE/modules/juce_video"; sourceTree = "SOURCE_ROOT"; };
		CB40FF4BF450D7164258FB2D = {isa = PBXFileReference; lastKnownFileType = sourcecode.cpp.objcpp; name = "include_juce_core.mm"; path = "../../JuceLibraryCode/include_juce_core.mm"; sourceTree = "SOURCE_ROOT"; };
		D0C7E0E6FDF6081C838A21B6 = {isa = PBXFileReference; lastKnownFileType = sourcecode.cpp.objcpp; name = "include_juce_audio_formats.mm"; path = "../../JuceLibraryCode/include_juce_audio_formats.mm"; sourceTree = "SOURCE_ROOT"; };
		D6BFC55D5C7F5EBDFDCD965F = {isa = PBXFileReference; lastKnownFileType = sourcecode.cpp.objcpp; name = "include_juce_cryptography.mm"; path = "../../JuceLibraryCode/include_juce_cryptography.mm"; sourceTree = "SOURCE_ROOT"; };
		E551A2D653500AAFFF39C2CD = {isa = PBXFileReference; lastKnownFileType = sourcecode.cpp.objcpp; name = "include_juce_graphics.mm"; path = "../../JuceLibraryCode/include_juce_graphics.mm"; sourceTree = "SOURCE_ROOT"; };
		ED98C651C2F810F279A5DCCE = {isa = PBXFileReference; lastKnownFileType = wrapper.framework; name = IOKit.framework; path = System/Library/Frameworks/IOKit.framework; sourceTree = SDKROOT; };
		F0D07606052D54686DA245F7 = {isa = PBXFileReference; lastKnownFileType = file; name = "juce_gui_extra"; path = "../../../../../../../Applications/JUCE/modules/juce_gui_extra"; sourceTree = "SOURCE_ROOT"; };
		F71AF8D30DD678F6AF8D6AF9 = {isa = PBXFileReference; lastKnownFileType = file; name = "juce_graphics"; path = "../../../../../../../Applications/JUCE/modules/juce_graphics"; sourceTree = "SOURCE_ROOT"; };
		E47546D7A4BA5C05AA51E0BB = {isa = PBXGroup; children = (
					15CEA8DEC8B0EBAC5B7F4496, ); name = Source; sourceTree = "<group>"; };
		89FBD1B8A5BAA8CD8F379645 = {isa = PBXGroup; children = (
					E47546D7A4BA5C05AA51E0BB, ); name = NewProject; sourceTree = "<group>"; };
		BED6754789C5377403CAE72E = {isa = PBXGroup; children = (
					C56A0DF7472A66A13F79B74C,
					88DE1F8750E4FB4004FAAB7F,
					5466B3650D00BBA26DA009B7,
					BE695CE6BA7DF128523FDEEC,
					7B22BD8B728C065B77C6900F,
					772ADCDE4AA63232B0FF6EC6,
					990DF43BCF5285CD2189C1CA,
					6CAB5D013B80331F95E769BB,
					F71AF8D30DD678F6AF8D6AF9,
					A196BE3834852B43424F24F6,
					F0D07606052D54686DA245F7,
					C4A16993736D3BDF42B0C856,
					C8B89842F8D317060C5E1A81, ); name = "JUCE Modules"; sourceTree = "<group>"; };
		7C8F15128F6B9181FA8D0C06 = {isa = PBXGroup; children = (
					BCC71F8C64EDD4BE14EAC076,
					AFDC625424EF8A5172187EB7,
					022C8F43D71FD2A434762E6C,
					D0C7E0E6FDF6081C838A21B6,
					C2F2D1FBFE486CDDB16C6990,
					CB40FF4BF450D7164258FB2D,
					D6BFC55D5C7F5EBDFDCD965F,
					8FF99C890CB0D240FFE32A33,
					61504520060B65A2F477F9A8,
					E551A2D653500AAFFF39C2CD,
					387DD9188720CCC7746D19EC,
					1F8E7541979E11328F3C1061,
					7487B301051EE994557881B0,
					A904DD896E87D2FDC1B5DE4F,
					20810987A65845510F1805B9, ); name = "JUCE Library Code"; sourceTree = "<group>"; };
		84E5C71ADF3BF5ADAF3693AC = {isa = PBXGroup; children = (
					0672085F9E9085D1E2EA8823, ); name = Resources; sourceTree = "<group>"; };
		B47A51C7A47981DF56B2791E = {isa = PBXGroup; children = (
					419FDE154D3937539FF760A5,
					5AF27052369832C259413C98,
					342492D8E5CE4F6D55BA7DDD,
					274CBB9BE81456FBBD7875A7,
					3023573D1BD8FD2785A934D3,
					139E317FD113AE1C708FB15D,
					2B6BF7EC2C33EA8D344492A4,
					1F9C90DE8E44F55614768C4A,
					7803234C5DD7C79FEC0E3409,
					ED98C651C2F810F279A5DCCE,
					A1FEACA267CE198EAC37C717,
					64F173789CDF795E0AE96A12,
					C5D319B9B1D08A3DBEA33674, ); name = Frameworks; sourceTree = "<group>"; };
		A4EDC9DA85D4A7FEA1F58C85 = {isa = PBXGroup; children = (
					76BD7179BC6B6C112F2603A2, ); name = Products; sourceTree = "<group>"; };
		F270DA4E2B901BEDE88E9D6D = {isa = PBXGroup; children = (
					89FBD1B8A5BAA8CD8F379645,
					BED6754789C5377403CAE72E,
					7C8F15128F6B9181FA8D0C06,
					84E5C71ADF3BF5ADAF3693AC,
					B47A51C7A47981DF56B2791E,
					A4EDC9DA85D4A7FEA1F58C85, ); name = Source; sourceTree = "<group>"; };
		9B931FBFB393593A819DEC87 = {isa = XCBuildConfiguration; buildSettings = {
				CLANG_CXX_LANGUAGE_STANDARD = "c++14";
				CLANG_CXX_LIBRARY = "libc++";
				CLANG_LINK_OBJC_RUNTIME = NO;
				COMBINE_HIDPI_IMAGES = YES;
				CONFIGURATION_BUILD_DIR = "$(PROJECT_DIR)/build/$(CONFIGURATION)";
				COPY_PHASE_STRIP = NO;
				GCC_DYNAMIC_NO_PIC = NO;
				GCC_OPTIMIZATION_LEVEL = 0;
				GCC_PREPROCESSOR_DEFINITIONS = (
					"_DEBUG=1",
					"DEBUG=1",
					"JUCER_XCODE_MAC_F6D2F4CF=1",
					"JUCE_APP_VERSION=1.0.0",
					"JUCE_APP_VERSION_HEX=0x10000",
					"JucePlugin_Build_VST=0",
					"JucePlugin_Build_VST3=0",
					"JucePlugin_Build_AU=0",
					"JucePlugin_Build_AUv3=0",
					"JucePlugin_Build_RTAS=0",
					"JucePlugin_Build_AAX=0",
					"JucePlugin_Build_Standalone=0", );
				GCC_VERSION = com.apple.compilers.llvm.clang.1_0;
				HEADER_SEARCH_PATHS = ("../../JuceLibraryCode", "../../../../../../../Applications/JUCE/modules", "$(inherited)");
				INSTALL_PATH = "/usr/bin";
				MACOSX_DEPLOYMENT_TARGET = 10.11;
				MACOSX_DEPLOYMENT_TARGET_ppc = 10.4;
				PRODUCT_BUNDLE_IDENTIFIER = com.yourcompany.NewProject;
				SDKROOT_ppc = macosx10.5;
				USE_HEADERMAP = NO; }; name = Debug; };
		F8365F01EA1CF93B3E0205C5 = {isa = XCBuildConfiguration; buildSettings = {
				CLANG_CXX_LANGUAGE_STANDARD = "c++14";
				CLANG_CXX_LIBRARY = "libc++";
				CLANG_LINK_OBJC_RUNTIME = NO;
				COMBINE_HIDPI_IMAGES = YES;
				CONFIGURATION_BUILD_DIR = "$(PROJECT_DIR)/build/$(CONFIGURATION)";
				DEAD_CODE_STRIPPING = YES;
				GCC_GENERATE_DEBUGGING_SYMBOLS = NO;
				GCC_OPTIMIZATION_LEVEL = 3;
				GCC_PREPROCESSOR_DEFINITIONS = (
					"_NDEBUG=1",
					"NDEBUG=1",
					"JUCER_XCODE_MAC_F6D2F4CF=1",
					"JUCE_APP_VERSION=1.0.0",
					"JUCE_APP_VERSION_HEX=0x10000",
					"JucePlugin_Build_VST=0",
					"JucePlugin_Build_VST3=0",
					"JucePlugin_Build_AU=0",
					"JucePlugin_Build_AUv3=0",
					"JucePlugin_Build_RTAS=0",
					"JucePlugin_Build_AAX=0",
					"JucePlugin_Build_Standalone=0", );
				GCC_SYMBOLS_PRIVATE_EXTERN = YES;
				GCC_VERSION = com.apple.compilers.llvm.clang.1_0;
				HEADER_SEARCH_PATHS = ("../../JuceLibraryCode", "../../../../../../../Applications/JUCE/modules", "$(inherited)");
				INSTALL_PATH = "/usr/bin";
				LLVM_LTO = YES;
				MACOSX_DEPLOYMENT_TARGET = 10.11;
				MACOSX_DEPLOYMENT_TARGET_ppc = 10.4;
				PRODUCT_BUNDLE_IDENTIFIER = com.yourcompany.NewProject;
				SDKROOT_ppc = macosx10.5;
				USE_HEADERMAP = NO; }; name = Release; };
		1FEA73BAAA7E4D926E1B3240 = {isa = XCBuildConfiguration; buildSettings = {
				ALWAYS_SEARCH_USER_PATHS = NO;
				CLANG_WARN_BLOCK_CAPTURE_AUTORELEASING = YES;
				CLANG_WARN_BOOL_CONVERSION = YES;
				CLANG_WARN_COMMA = YES;
				CLANG_WARN_CONSTANT_CONVERSION = YES;
				CLANG_WARN_EMPTY_BODY = YES;
				CLANG_WARN_ENUM_CONVERSION = YES;
				CLANG_WARN_INFINITE_RECURSION = YES;
				CLANG_WARN_INT_CONVERSION = YES;
				CLANG_WARN_NON_LITERAL_NULL_CONVERSION = YES;
				CLANG_WARN_OBJC_LITERAL_CONVERSION = YES;
				CLANG_WARN_RANGE_LOOP_ANALYSIS = YES;
				CLANG_WARN_STRICT_PROTOTYPES = YES;
				CLANG_WARN_SUSPICIOUS_MOVE = YES;
				CLANG_WARN_UNREACHABLE_CODE = YES;
				CLANG_WARN__DUPLICATE_METHOD_MATCH = YES;
				DEBUG_INFORMATION_FORMAT = "dwarf";
				ENABLE_STRICT_OBJC_MSGSEND = YES;
				ENABLE_TESTABILITY = YES;
				GCC_C_LANGUAGE_STANDARD = c11;
				GCC_INLINES_ARE_PRIVATE_EXTERN = YES;
				GCC_MODEL_TUNING = G5;
				GCC_NO_COMMON_BLOCKS = YES;
				GCC_WARN_64_TO_32_BIT_CONVERSION = YES;
				GCC_WARN_ABOUT_RETURN_TYPE = YES;
				GCC_WARN_CHECK_SWITCH_STATEMENTS = YES;
				GCC_WARN_MISSING_PARENTHESES = YES;
				GCC_WARN_NON_VIRTUAL_DESTRUCTOR = YES;
				GCC_WARN_TYPECHECK_CALLS_TO_PRINTF = YES;
				GCC_WARN_UNDECLARED_SELECTOR = YES;
				GCC_WARN_UNINITIALIZED_AUTOS = YES;
				GCC_WARN_UNUSED_FUNCTION = YES;
				GCC_WARN_UNUSED_VARIABLE = YES;
				ONLY_ACTIVE_ARCH = YES;
				PRODUCT_NAME = "NewProject";
				WARNING_CFLAGS = -Wreorder;
				ZERO_LINK = NO; }; name = Debug; };
		79BF069433F5325242133D10 = {isa = XCBuildConfiguration; buildSettings = {
				ALWAYS_SEARCH_USER_PATHS = NO;
				CLANG_WARN_BLOCK_CAPTURE_AUTORELEASING = YES;
				CLANG_WARN_BOOL_CONVERSION = YES;
				CLANG_WARN_COMMA = YES;
				CLANG_WARN_CONSTANT_CONVERSION = YES;
				CLANG_WARN_EMPTY_BODY = YES;
				CLANG_WARN_ENUM_CONVERSION = YES;
				CLANG_WARN_INFINITE_RECURSION = YES;
				CLANG_WARN_INT_CONVERSION = YES;
				CLANG_WARN_NON_LITERAL_NULL_CONVERSION = YES;
				CLANG_WARN_OBJC_LITERAL_CONVERSION = YES;
				CLANG_WARN_RANGE_LOOP_ANALYSIS = YES;
				CLANG_WARN_STRICT_PROTOTYPES = YES;
				CLANG_WARN_SUSPICIOUS_MOVE = YES;
				CLANG_WARN_UNREACHABLE_CODE = YES;
				CLANG_WARN__DUPLICATE_METHOD_MATCH = YES;
				DEBUG_INFORMATION_FORMAT = "dwarf";
				ENABLE_STRICT_OBJC_MSGSEND = YES;
				GCC_C_LANGUAGE_STANDARD = c11;
				GCC_INLINES_ARE_PRIVATE_EXTERN = YES;
				GCC_MODEL_TUNING = G5;
				GCC_NO_COMMON_BLOCKS = YES;
				GCC_WARN_64_TO_32_BIT_CONVERSION = YES;
				GCC_WARN_ABOUT_RETURN_TYPE = YES;
				GCC_WARN_CHECK_SWITCH_STATEMENTS = YES;
				GCC_WARN_MISSING_PARENTHESES = YES;
				GCC_WARN_NON_VIRTUAL_DESTRUCTOR = YES;
				GCC_WARN_TYPECHECK_CALLS_TO_PRINTF = YES;
				GCC_WARN_UNDECLARED_SELECTOR = YES;
				GCC_WARN_UNINITIALIZED_AUTOS = YES;
				GCC_WARN_UNUSED_FUNCTION = YES;
				GCC_WARN_UNUSED_VARIABLE = YES;
				PRODUCT_NAME = "NewProject";
				WARNING_CFLAGS = -Wreorder;
				ZERO_LINK = NO; }; name = Release; };
		7B4F0E8D4EBBA9AECCC380C8 = {isa = PBXTargetDependency; target = 809995577BD7F3FE280CFBCA; };
		438135C35933A957B0840606 = {isa = XCConfigurationList; buildConfigurations = (
					1FEA73BAAA7E4D926E1B3240,
					79BF069433F5325242133D10, ); defaultConfigurationIsVisible = 0; defaultConfigurationName = Debug; };
		A6D4FC4823990B2D2A9F1538 = {isa = XCConfigurationList; buildConfigurations = (
					9B931FBFB393593A819DEC87,
					F8365F01EA1CF93B3E0205C5, ); defaultConfigurationIsVisible = 0; defaultConfigurationName = Debug; };
		598FCF83BC8C597A7964130B = {isa = PBXResourcesBuildPhase; buildActionMask = 2147483647; files = (
					6A9C5A765D7AFB8F3614CA2B, ); runOnlyForDeploymentPostprocessing = 0; };
		36737B6DC5D775A0914A27D9 = {isa = PBXSourcesBuildPhase; buildActionMask = 2147483647; files = (
					1E49F296E3EDBBB395EBD272,
					656991660C2588F17CDF9929,
					142BC4B215F5DEB53811501C,
					FE0A89AD21B64E6594C8C3A8,
					DEEA6B6DEF84345B8DC818E6,
					8FCA1563C64B0BE349E170CB,
					EDCBD7BCB7FE46E0B94C015C,
					8BA04C5A256EE06E386E54E4,
					FA35C0A5DA3F223477D9F144,
					905DFF01BDCB00DCCA67E016,
					21050BEBC99F5745D7D5B5DE,
					F0ACD8D6DF3D1828028D276A,
					21855D5A2ED9EF3A38BF4215,
					7E7096C2A51C42C5391BE7F0, ); runOnlyForDeploymentPostprocessing = 0; };
		484A96368E2521709BDD886A = {isa = PBXFrameworksBuildPhase; buildActionMask = 2147483647; files = (
					B80067A000C2DBDCB7C61ECF,
					8D33D7BCB5A97E5B95A1112D,
					FA0C29098784AB7ACE408232,
					7485ED70603D7CCFB43C6E8A,
					04AA8748E066A1677866253A,
					E8EA248EE4F3488BF9855FF6,
					BD461039E0381C6F4D7F9B68,
					29ECAA19301DC2514987EF2A,
					170210F469452B13B3805DCD,
					3EECF42DAEEDDF5009E0C6BD,
					3F6C733276BE84CCEB41763A,
					84DE0EDA744BCDB05C084294,
					CFD807F6E100E707D9C82255, ); runOnlyForDeploymentPostprocessing = 0; };
		809995577BD7F3FE280CFBCA = {isa = PBXNativeTarget; buildConfigurationList = A6D4FC4823990B2D2A9F1538; buildPhases = (
					598FCF83BC8C597A7964130B,
					36737B6DC5D775A0914A27D9,
					484A96368E2521709BDD886A, ); buildRules = ( ); dependencies = (  ); name = "NewProject - ConsoleApp"; productName = NewProject; productReference = 76BD7179BC6B6C112F2603A2; productType = "com.apple.product-type.tool"; };
		72F9D93E5E5DD3D7943D079F = {isa = PBXProject; buildConfigurationList = 438135C35933A957B0840606; attributes = { LastUpgradeCheck = 0930; ORGANIZATIONNAME = ""; }; compatibilityVersion = "Xcode 3.2"; hasScannedForEncodings = 0; mainGroup = F270DA4E2B901BEDE88E9D6D; projectDirPath = ""; projectRoot = ""; targets = (809995577BD7F3FE280CFBCA); };
	};
	rootObject = 72F9D93E5E5DD3D7943D079F;
}
